lockfileVersion: '6.0'

settings:
  autoInstallPeers: true
  excludeLinksFromLockfile: false

dependencies:
  '@unkey/api':
    specifier: ^0.27.0
    version: 0.27.0

packages:

  /@unkey/api@0.27.0:
    resolution: {integrity: sha512-JKI5up1BZsH+lAboDVhAld03hda0JMZR2cpOVdY6agbO1zF6omesKs3yr6uyGrTM9n9QBGTqVTje1iMkRtN2lA==}
    dependencies:
      '@unkey/rbac': 0.3.1
    dev: false

  /@unkey/error@0.2.0:
    resolution: {integrity: sha512-DFGb4A7SrusZPP0FYuRIF0CO+Gi4etLUAEJ6EKc+TKYmscL0nEJ2Pr38FyX9MvjI4Wx5l35Wc9KsBjMm9Ybh7w==}
    dependencies:
      zod: 3.23.8
    dev: false

  /@unkey/rbac@0.3.1:
    resolution: {integrity: sha512-Hj+52XRIlBBl3/qOUq9K71Fwy3PWExBQOpOClVYHdrcmbgqNL6L4EdW/BzliLhqPCdwZTPVSJTnZ3Hw4ZYixsQ==}
    dependencies:
      '@unkey/error': 0.2.0
      zod: 3.23.8
    dev: false

  /zod@3.23.8:
    resolution: {integrity: sha512-XBx9AXhXktjUqnepgTiE5flcKIYWi/rme0Eaj+5Y0lftuGBq+jyRu/md4WnuxqgP1ubdpNCsYEYPxrzVHD8d6g==}
    dev: false
