github.com/ericlagergren/decimal v0.0.0-20221120152707-495c53812d05 h1:S92OBrGuLLZsyM5ybUzgc/mPjIYk2AZqufieooe98uw=
github.com/ericlagergren/decimal v0.0.0-20221120152707-495c53812d05/go.mod h1:M9R1FoZ3y//hwwnJtO51ypFGwm8ZfpxPT/ZLtO1mcgQ=
github.com/spyzhov/ajson v0.8.0 h1:sFXyMbi4Y/BKjrsfkUZHSjA2JM1184enheSjjoT/zCc=
github.com/spyzhov/ajson v0.8.0/go.mod h1:63V+CGM6f1Bu/p4nLIN8885ojBdt88TbLoSFzyqMuVA=
github.com/unkeyed/sdks/api/go/v2 v2.0.0 h1:oxFy1RexffNCs9RXLoluE9uv827bl55UsK7D5F4TEo8=
github.com/unkeyed/sdks/api/go/v2 v2.0.0/go.mod h1:p3yYFxrnkRuT8LanFJ7dFWuOzFg9V03oHcDJmptJ1q0=
